// !$*UTF8*$!
{
	archiveVersion = 1;
	classes = {
	};
	objectVersion = 51;
	objects = {

/* Begin PBXBuildFile section */
		3CA0DAF90F505D408C91821E /* Pods_SehatQ_testTests.framework in Frameworks */ = {isa = PBXBuildFile; fileRef = 97F980485AAA7D1EFF1D1BED /* Pods_SehatQ_testTests.framework */; };
		4A88605F25B1ABCF33044F5A /* Pods_SehatQ_test.framework in Frameworks */ = {isa = PBXBuildFile; fileRef = A33CB7DEF6DAF9319D57F5B0 /* Pods_SehatQ_test.framework */; };
		98494192A9DBC686C3C47221 /* Pods_SehatQ_test_SehatQ_testUITests.framework in Frameworks */ = {isa = PBXBuildFile; fileRef = 79DC6F034D7F2A272E275DBF /* Pods_SehatQ_test_SehatQ_testUITests.framework */; };
		CE95C54325D68ED3006448DE /* AppDelegate.swift in Sources */ = {isa = PBXBuildFile; fileRef = CE95C54225D68ED3006448DE /* AppDelegate.swift */; };
		CE95C54525D68ED3006448DE /* SceneDelegate.swift in Sources */ = {isa = PBXBuildFile; fileRef = CE95C54425D68ED3006448DE /* SceneDelegate.swift */; };
		CE95C54725D68ED3006448DE /* ViewController.swift in Sources */ = {isa = PBXBuildFile; fileRef = CE95C54625D68ED3006448DE /* ViewController.swift */; };
		CE95C54A25D68ED3006448DE /* Main.storyboard in Resources */ = {isa = PBXBuildFile; fileRef = CE95C54825D68ED3006448DE /* Main.storyboard */; };
		CE95C54D25D68ED3006448DE /* SehatQ_test.xcdatamodeld in Sources */ = {isa = PBXBuildFile; fileRef = CE95C54B25D68ED3006448DE /* SehatQ_test.xcdatamodeld */; };
		CE95C54F25D68ED5006448DE /* Assets.xcassets in Resources */ = {isa = PBXBuildFile; fileRef = CE95C54E25D68ED5006448DE /* Assets.xcassets */; };
		CE95C55225D68ED5006448DE /* LaunchScreen.storyboard in Resources */ = {isa = PBXBuildFile; fileRef = CE95C55025D68ED5006448DE /* LaunchScreen.storyboard */; };
		CE95C55D25D68ED5006448DE /* SehatQ_testTests.swift in Sources */ = {isa = PBXBuildFile; fileRef = CE95C55C25D68ED5006448DE /* SehatQ_testTests.swift */; };
		CE95C56825D68ED5006448DE /* SehatQ_testUITests.swift in Sources */ = {isa = PBXBuildFile; fileRef = CE95C56725D68ED5006448DE /* SehatQ_testUITests.swift */; };
		CE95C58225D690F3006448DE /* Home.swift in Sources */ = {isa = PBXBuildFile; fileRef = CE95C58125D690F3006448DE /* Home.swift */; };
		CE95C58B25D6916E006448DE /* HTTPClient.swift in Sources */ = {isa = PBXBuildFile; fileRef = CE95C58A25D6916E006448DE /* HTTPClient.swift */; };
		CE95C59325D691F6006448DE /* HTTPClientProtocol.swift in Sources */ = {isa = PBXBuildFile; fileRef = CE95C59225D691F6006448DE /* HTTPClientProtocol.swift */; };
		CE95C5A225D6932E006448DE /* MockedHTTPClient.swift in Sources */ = {isa = PBXBuildFile; fileRef = CE95C5A125D6932E006448DE /* MockedHTTPClient.swift */; };
		CE95C5B225D69435006448DE /* home-response-success.json in Resources */ = {isa = PBXBuildFile; fileRef = CE95C5B125D69435006448DE /* home-response-success.json */; };
		CE95C5CC25D6C29B006448DE /* HTTPClientTests.swift in Sources */ = {isa = PBXBuildFile; fileRef = CE95C5CB25D6C29B006448DE /* HTTPClientTests.swift */; };
		CE95C60925D6D13D006448DE /* MockedHTTPClient.swift in Sources */ = {isa = PBXBuildFile; fileRef = CE95C5A125D6932E006448DE /* MockedHTTPClient.swift */; };
		CEAA923025D8229C007E31A1 /* SearchModel.swift in Sources */ = {isa = PBXBuildFile; fileRef = CEAA922F25D8229C007E31A1 /* SearchModel.swift */; };
		CEAA923925D82325007E31A1 /* SearchViewModel.swift in Sources */ = {isa = PBXBuildFile; fileRef = CEAA923825D82325007E31A1 /* SearchViewModel.swift */; };
		CEAA924225D83844007E31A1 /* Preference.swift in Sources */ = {isa = PBXBuildFile; fileRef = CEAA924125D83844007E31A1 /* Preference.swift */; };
		CEAA925225D84508007E31A1 /* Constant.swift in Sources */ = {isa = PBXBuildFile; fileRef = CEAA925125D84508007E31A1 /* Constant.swift */; };
		CEAA925825D8460A007E31A1 /* Dashboard.storyboard in Resources */ = {isa = PBXBuildFile; fileRef = CEAA925725D8460A007E31A1 /* Dashboard.storyboard */; };
		CEAA925F25D8FD04007E31A1 /* DetailProductModel.swift in Sources */ = {isa = PBXBuildFile; fileRef = CEAA925E25D8FD04007E31A1 /* DetailProductModel.swift */; };
		CEAA926525D8FDD6007E31A1 /* DetailProductViewModel.swift in Sources */ = {isa = PBXBuildFile; fileRef = CEAA926425D8FDD6007E31A1 /* DetailProductViewModel.swift */; };
		CEAA926E25D8FEB1007E31A1 /* DetailProduct.storyboard in Resources */ = {isa = PBXBuildFile; fileRef = CEAA926D25D8FEB1007E31A1 /* DetailProduct.storyboard */; };
		CEAA927425D8FED8007E31A1 /* DetailProductViewController.swift in Sources */ = {isa = PBXBuildFile; fileRef = CEAA927225D8FED8007E31A1 /* DetailProductViewController.swift */; };
		CED2FE2525D70CDB00C28F36 /* CategoriesTableViewCellTests.swift in Sources */ = {isa = PBXBuildFile; fileRef = CED2FE2425D70CDB00C28F36 /* CategoriesTableViewCellTests.swift */; };
		CED2FE4025D7165F00C28F36 /* CategoriesCollectionCellViewModel.swift in Sources */ = {isa = PBXBuildFile; fileRef = CED2FE3F25D7165F00C28F36 /* CategoriesCollectionCellViewModel.swift */; };
		CED2FEB825D7CE9700C28F36 /* ProductsTableViewCellViewModel.swift in Sources */ = {isa = PBXBuildFile; fileRef = CED2FEAB25D7CE9700C28F36 /* ProductsTableViewCellViewModel.swift */; };
		CED2FEB925D7CE9700C28F36 /* ProductsTableViewCell.xib in Resources */ = {isa = PBXBuildFile; fileRef = CED2FEAD25D7CE9700C28F36 /* ProductsTableViewCell.xib */; };
		CED2FEBA25D7CE9700C28F36 /* ProductsTableViewCell.swift in Sources */ = {isa = PBXBuildFile; fileRef = CED2FEAE25D7CE9700C28F36 /* ProductsTableViewCell.swift */; };
		CED2FEBB25D7CE9700C28F36 /* HomeCategoriesTableViewCell.xib in Resources */ = {isa = PBXBuildFile; fileRef = CED2FEB225D7CE9700C28F36 /* HomeCategoriesTableViewCell.xib */; };
		CED2FEBC25D7CE9700C28F36 /* HomeCategoriesTableViewCell.swift in Sources */ = {isa = PBXBuildFile; fileRef = CED2FEB325D7CE9700C28F36 /* HomeCategoriesTableViewCell.swift */; };
		CED2FEBD25D7CE9700C28F36 /* CategoriesCollectionCell.swift in Sources */ = {isa = PBXBuildFile; fileRef = CED2FEB625D7CE9700C28F36 /* CategoriesCollectionCell.swift */; };
		CED2FEBE25D7CE9700C28F36 /* CategoriesCollectionCell.xib in Resources */ = {isa = PBXBuildFile; fileRef = CED2FEB725D7CE9700C28F36 /* CategoriesCollectionCell.xib */; };
		CED2FEC425D7CEDD00C28F36 /* HomeViewModel.swift in Sources */ = {isa = PBXBuildFile; fileRef = CED2FEC325D7CEDD00C28F36 /* HomeViewModel.swift */; };
		CED2FECC25D7D07600C28F36 /* HomeViewController.swift in Sources */ = {isa = PBXBuildFile; fileRef = CED2FECB25D7D07600C28F36 /* HomeViewController.swift */; };
		CED2FED525D7D08900C28F36 /* Home.storyboard in Resources */ = {isa = PBXBuildFile; fileRef = CED2FED425D7D08900C28F36 /* Home.storyboard */; };
		CED2FEF725D80E1C00C28F36 /* Search.storyboard in Resources */ = {isa = PBXBuildFile; fileRef = CED2FEF625D80E1B00C28F36 /* Search.storyboard */; };
		CED2FEFC25D80E4B00C28F36 /* SearchViewController.swift in Sources */ = {isa = PBXBuildFile; fileRef = CED2FEFB25D80E4B00C28F36 /* SearchViewController.swift */; };
		CED2FF0325D813CB00C28F36 /* CommonTableViewCell.swift in Sources */ = {isa = PBXBuildFile; fileRef = CED2FF0125D813CA00C28F36 /* CommonTableViewCell.swift */; };
		CED2FF0425D813CB00C28F36 /* CommonTableViewCell.xib in Resources */ = {isa = PBXBuildFile; fileRef = CED2FF0225D813CA00C28F36 /* CommonTableViewCell.xib */; };
/* End PBXBuildFile section */

/* Begin PBXContainerItemProxy section */
		CE95C55925D68ED5006448DE /* PBXContainerItemProxy */ = {
			isa = PBXContainerItemProxy;
			containerPortal = CE95C53725D68ED3006448DE /* Project object */;
			proxyType = 1;
			remoteGlobalIDString = CE95C53E25D68ED3006448DE;
			remoteInfo = "SehatQ-test";
		};
		CE95C56425D68ED5006448DE /* PBXContainerItemProxy */ = {
			isa = PBXContainerItemProxy;
			containerPortal = CE95C53725D68ED3006448DE /* Project object */;
			proxyType = 1;
			remoteGlobalIDString = CE95C53E25D68ED3006448DE;
			remoteInfo = "SehatQ-test";
		};
/* End PBXContainerItemProxy section */

/* Begin PBXFileReference section */
		1013271E4F8E40704FAD30F7 /* Pods-SehatQ-test-SehatQ-testUITests.release.xcconfig */ = {isa = PBXFileReference; includeInIndex = 1; lastKnownFileType = text.xcconfig; name = "Pods-SehatQ-test-SehatQ-testUITests.release.xcconfig"; path = "Target Support Files/Pods-SehatQ-test-SehatQ-testUITests/Pods-SehatQ-test-SehatQ-testUITests.release.xcconfig"; sourceTree = "<group>"; };
		2D4544DFBC75414505932F47 /* Pods-SehatQ-testTests.debug.xcconfig */ = {isa = PBXFileReference; includeInIndex = 1; lastKnownFileType = text.xcconfig; name = "Pods-SehatQ-testTests.debug.xcconfig"; path = "Target Support Files/Pods-SehatQ-testTests/Pods-SehatQ-testTests.debug.xcconfig"; sourceTree = "<group>"; };
		3098BE443161D9B201306D04 /* Pods-SehatQ-test-SehatQ-testUITests.debug.xcconfig */ = {isa = PBXFileReference; includeInIndex = 1; lastKnownFileType = text.xcconfig; name = "Pods-SehatQ-test-SehatQ-testUITests.debug.xcconfig"; path = "Target Support Files/Pods-SehatQ-test-SehatQ-testUITests/Pods-SehatQ-test-SehatQ-testUITests.debug.xcconfig"; sourceTree = "<group>"; };
		51725B2690B0D71E42C65CD4 /* Pods-SehatQ-test.debug.xcconfig */ = {isa = PBXFileReference; includeInIndex = 1; lastKnownFileType = text.xcconfig; name = "Pods-SehatQ-test.debug.xcconfig"; path = "Target Support Files/Pods-SehatQ-test/Pods-SehatQ-test.debug.xcconfig"; sourceTree = "<group>"; };
		5F3763472766919ACD396C33 /* Pods-SehatQ-testTests.release.xcconfig */ = {isa = PBXFileReference; includeInIndex = 1; lastKnownFileType = text.xcconfig; name = "Pods-SehatQ-testTests.release.xcconfig"; path = "Target Support Files/Pods-SehatQ-testTests/Pods-SehatQ-testTests.release.xcconfig"; sourceTree = "<group>"; };
		79DC6F034D7F2A272E275DBF /* Pods_SehatQ_test_SehatQ_testUITests.framework */ = {isa = PBXFileReference; explicitFileType = wrapper.framework; includeInIndex = 0; path = Pods_SehatQ_test_SehatQ_testUITests.framework; sourceTree = BUILT_PRODUCTS_DIR; };
		97F980485AAA7D1EFF1D1BED /* Pods_SehatQ_testTests.framework */ = {isa = PBXFileReference; explicitFileType = wrapper.framework; includeInIndex = 0; path = Pods_SehatQ_testTests.framework; sourceTree = BUILT_PRODUCTS_DIR; };
		A33CB7DEF6DAF9319D57F5B0 /* Pods_SehatQ_test.framework */ = {isa = PBXFileReference; explicitFileType = wrapper.framework; includeInIndex = 0; path = Pods_SehatQ_test.framework; sourceTree = BUILT_PRODUCTS_DIR; };
		C4EE29D194A0C2C9BF89D763 /* Pods-SehatQ-test.release.xcconfig */ = {isa = PBXFileReference; includeInIndex = 1; lastKnownFileType = text.xcconfig; name = "Pods-SehatQ-test.release.xcconfig"; path = "Target Support Files/Pods-SehatQ-test/Pods-SehatQ-test.release.xcconfig"; sourceTree = "<group>"; };
		CE95C53F25D68ED3006448DE /* SehatQ-test.app */ = {isa = PBXFileReference; explicitFileType = wrapper.application; includeInIndex = 0; path = "SehatQ-test.app"; sourceTree = BUILT_PRODUCTS_DIR; };
		CE95C54225D68ED3006448DE /* AppDelegate.swift */ = {isa = PBXFileReference; lastKnownFileType = sourcecode.swift; path = AppDelegate.swift; sourceTree = "<group>"; };
		CE95C54425D68ED3006448DE /* SceneDelegate.swift */ = {isa = PBXFileReference; lastKnownFileType = sourcecode.swift; path = SceneDelegate.swift; sourceTree = "<group>"; };
		CE95C54625D68ED3006448DE /* ViewController.swift */ = {isa = PBXFileReference; lastKnownFileType = sourcecode.swift; path = ViewController.swift; sourceTree = "<group>"; };
		CE95C54925D68ED3006448DE /* Base */ = {isa = PBXFileReference; lastKnownFileType = file.storyboard; name = Base; path = Base.lproj/Main.storyboard; sourceTree = "<group>"; };
		CE95C54C25D68ED3006448DE /* SehatQ_test.xcdatamodel */ = {isa = PBXFileReference; lastKnownFileType = wrapper.xcdatamodel; path = SehatQ_test.xcdatamodel; sourceTree = "<group>"; };
		CE95C54E25D68ED5006448DE /* Assets.xcassets */ = {isa = PBXFileReference; lastKnownFileType = folder.assetcatalog; path = Assets.xcassets; sourceTree = "<group>"; };
		CE95C55125D68ED5006448DE /* Base */ = {isa = PBXFileReference; lastKnownFileType = file.storyboard; name = Base; path = Base.lproj/LaunchScreen.storyboard; sourceTree = "<group>"; };
		CE95C55325D68ED5006448DE /* Info.plist */ = {isa = PBXFileReference; lastKnownFileType = text.plist.xml; path = Info.plist; sourceTree = "<group>"; };
		CE95C55825D68ED5006448DE /* SehatQ-testTests.xctest */ = {isa = PBXFileReference; explicitFileType = wrapper.cfbundle; includeInIndex = 0; path = "SehatQ-testTests.xctest"; sourceTree = BUILT_PRODUCTS_DIR; };
		CE95C55C25D68ED5006448DE /* SehatQ_testTests.swift */ = {isa = PBXFileReference; lastKnownFileType = sourcecode.swift; path = SehatQ_testTests.swift; sourceTree = "<group>"; };
		CE95C55E25D68ED5006448DE /* Info.plist */ = {isa = PBXFileReference; lastKnownFileType = text.plist.xml; path = Info.plist; sourceTree = "<group>"; };
		CE95C56325D68ED5006448DE /* SehatQ-testUITests.xctest */ = {isa = PBXFileReference; explicitFileType = wrapper.cfbundle; includeInIndex = 0; path = "SehatQ-testUITests.xctest"; sourceTree = BUILT_PRODUCTS_DIR; };
		CE95C56725D68ED5006448DE /* SehatQ_testUITests.swift */ = {isa = PBXFileReference; lastKnownFileType = sourcecode.swift; path = SehatQ_testUITests.swift; sourceTree = "<group>"; };
		CE95C56925D68ED5006448DE /* Info.plist */ = {isa = PBXFileReference; lastKnownFileType = text.plist.xml; path = Info.plist; sourceTree = "<group>"; };
		CE95C58125D690F3006448DE /* Home.swift */ = {isa = PBXFileReference; lastKnownFileType = sourcecode.swift; path = Home.swift; sourceTree = "<group>"; };
		CE95C58A25D6916E006448DE /* HTTPClient.swift */ = {isa = PBXFileReference; lastKnownFileType = sourcecode.swift; path = HTTPClient.swift; sourceTree = "<group>"; };
		CE95C59225D691F6006448DE /* HTTPClientProtocol.swift */ = {isa = PBXFileReference; lastKnownFileType = sourcecode.swift; path = HTTPClientProtocol.swift; sourceTree = "<group>"; };
		CE95C5A125D6932E006448DE /* MockedHTTPClient.swift */ = {isa = PBXFileReference; lastKnownFileType = sourcecode.swift; path = MockedHTTPClient.swift; sourceTree = "<group>"; };
		CE95C5B125D69435006448DE /* home-response-success.json */ = {isa = PBXFileReference; lastKnownFileType = text.json; path = "home-response-success.json"; sourceTree = "<group>"; };
		CE95C5CB25D6C29B006448DE /* HTTPClientTests.swift */ = {isa = PBXFileReference; lastKnownFileType = sourcecode.swift; path = HTTPClientTests.swift; sourceTree = "<group>"; };
		CEAA922F25D8229C007E31A1 /* SearchModel.swift */ = {isa = PBXFileReference; lastKnownFileType = sourcecode.swift; path = SearchModel.swift; sourceTree = "<group>"; };
		CEAA923825D82325007E31A1 /* SearchViewModel.swift */ = {isa = PBXFileReference; lastKnownFileType = sourcecode.swift; path = SearchViewModel.swift; sourceTree = "<group>"; };
		CEAA924125D83844007E31A1 /* Preference.swift */ = {isa = PBXFileReference; lastKnownFileType = sourcecode.swift; path = Preference.swift; sourceTree = "<group>"; };
		CEAA925125D84508007E31A1 /* Constant.swift */ = {isa = PBXFileReference; lastKnownFileType = sourcecode.swift; path = Constant.swift; sourceTree = "<group>"; };
		CEAA925725D8460A007E31A1 /* Dashboard.storyboard */ = {isa = PBXFileReference; lastKnownFileType = file.storyboard; path = Dashboard.storyboard; sourceTree = "<group>"; };
		CEAA925E25D8FD04007E31A1 /* DetailProductModel.swift */ = {isa = PBXFileReference; lastKnownFileType = sourcecode.swift; path = DetailProductModel.swift; sourceTree = "<group>"; };
		CEAA926425D8FDD6007E31A1 /* DetailProductViewModel.swift */ = {isa = PBXFileReference; lastKnownFileType = sourcecode.swift; path = DetailProductViewModel.swift; sourceTree = "<group>"; };
		CEAA926D25D8FEB1007E31A1 /* DetailProduct.storyboard */ = {isa = PBXFileReference; lastKnownFileType = file.storyboard; path = DetailProduct.storyboard; sourceTree = "<group>"; };
		CEAA927225D8FED8007E31A1 /* DetailProductViewController.swift */ = {isa = PBXFileReference; lastKnownFileType = sourcecode.swift; path = DetailProductViewController.swift; sourceTree = "<group>"; };
		CED2FE2425D70CDB00C28F36 /* CategoriesTableViewCellTests.swift */ = {isa = PBXFileReference; lastKnownFileType = sourcecode.swift; path = CategoriesTableViewCellTests.swift; sourceTree = "<group>"; };
		CED2FE3F25D7165F00C28F36 /* CategoriesCollectionCellViewModel.swift */ = {isa = PBXFileReference; lastKnownFileType = sourcecode.swift; path = CategoriesCollectionCellViewModel.swift; sourceTree = "<group>"; };
		CED2FEAB25D7CE9700C28F36 /* ProductsTableViewCellViewModel.swift */ = {isa = PBXFileReference; fileEncoding = 4; lastKnownFileType = sourcecode.swift; path = ProductsTableViewCellViewModel.swift; sourceTree = "<group>"; };
		CED2FEAD25D7CE9700C28F36 /* ProductsTableViewCell.xib */ = {isa = PBXFileReference; fileEncoding = 4; lastKnownFileType = file.xib; path = ProductsTableViewCell.xib; sourceTree = "<group>"; };
		CED2FEAE25D7CE9700C28F36 /* ProductsTableViewCell.swift */ = {isa = PBXFileReference; fileEncoding = 4; lastKnownFileType = sourcecode.swift; path = ProductsTableViewCell.swift; sourceTree = "<group>"; };
		CED2FEB225D7CE9700C28F36 /* HomeCategoriesTableViewCell.xib */ = {isa = PBXFileReference; fileEncoding = 4; lastKnownFileType = file.xib; path = HomeCategoriesTableViewCell.xib; sourceTree = "<group>"; };
		CED2FEB325D7CE9700C28F36 /* HomeCategoriesTableViewCell.swift */ = {isa = PBXFileReference; fileEncoding = 4; lastKnownFileType = sourcecode.swift; path = HomeCategoriesTableViewCell.swift; sourceTree = "<group>"; };
		CED2FEB625D7CE9700C28F36 /* CategoriesCollectionCell.swift */ = {isa = PBXFileReference; fileEncoding = 4; lastKnownFileType = sourcecode.swift; path = CategoriesCollectionCell.swift; sourceTree = "<group>"; };
		CED2FEB725D7CE9700C28F36 /* CategoriesCollectionCell.xib */ = {isa = PBXFileReference; fileEncoding = 4; lastKnownFileType = file.xib; path = CategoriesCollectionCell.xib; sourceTree = "<group>"; };
		CED2FEC325D7CEDD00C28F36 /* HomeViewModel.swift */ = {isa = PBXFileReference; lastKnownFileType = sourcecode.swift; path = HomeViewModel.swift; sourceTree = "<group>"; };
		CED2FECB25D7D07600C28F36 /* HomeViewController.swift */ = {isa = PBXFileReference; lastKnownFileType = sourcecode.swift; path = HomeViewController.swift; sourceTree = "<group>"; };
		CED2FED425D7D08900C28F36 /* Home.storyboard */ = {isa = PBXFileReference; lastKnownFileType = file.storyboard; path = Home.storyboard; sourceTree = "<group>"; };
		CED2FEF625D80E1B00C28F36 /* Search.storyboard */ = {isa = PBXFileReference; lastKnownFileType = file.storyboard; path = Search.storyboard; sourceTree = "<group>"; };
		CED2FEFB25D80E4B00C28F36 /* SearchViewController.swift */ = {isa = PBXFileReference; lastKnownFileType = sourcecode.swift; path = SearchViewController.swift; sourceTree = "<group>"; };
		CED2FF0125D813CA00C28F36 /* CommonTableViewCell.swift */ = {isa = PBXFileReference; lastKnownFileType = sourcecode.swift; path = CommonTableViewCell.swift; sourceTree = "<group>"; };
		CED2FF0225D813CA00C28F36 /* CommonTableViewCell.xib */ = {isa = PBXFileReference; lastKnownFileType = file.xib; path = CommonTableViewCell.xib; sourceTree = "<group>"; };
/* End PBXFileReference section */

/* Begin PBXFrameworksBuildPhase section */
		CE95C53C25D68ED3006448DE /* Frameworks */ = {
			isa = PBXFrameworksBuildPhase;
			buildActionMask = 2147483647;
			files = (
				4A88605F25B1ABCF33044F5A /* Pods_SehatQ_test.framework in Frameworks */,
			);
			runOnlyForDeploymentPostprocessing = 0;
		};
		CE95C55525D68ED5006448DE /* Frameworks */ = {
			isa = PBXFrameworksBuildPhase;
			buildActionMask = 2147483647;
			files = (
				3CA0DAF90F505D408C91821E /* Pods_SehatQ_testTests.framework in Frameworks */,
			);
			runOnlyForDeploymentPostprocessing = 0;
		};
		CE95C56025D68ED5006448DE /* Frameworks */ = {
			isa = PBXFrameworksBuildPhase;
			buildActionMask = 2147483647;
			files = (
				98494192A9DBC686C3C47221 /* Pods_SehatQ_test_SehatQ_testUITests.framework in Frameworks */,
			);
			runOnlyForDeploymentPostprocessing = 0;
		};
/* End PBXFrameworksBuildPhase section */

/* Begin PBXGroup section */
		6C86C28C9193C3FA0F27EE0B /* Frameworks */ = {
			isa = PBXGroup;
			children = (
				A33CB7DEF6DAF9319D57F5B0 /* Pods_SehatQ_test.framework */,
				79DC6F034D7F2A272E275DBF /* Pods_SehatQ_test_SehatQ_testUITests.framework */,
				97F980485AAA7D1EFF1D1BED /* Pods_SehatQ_testTests.framework */,
			);
			name = Frameworks;
			sourceTree = "<group>";
		};
		B6F487704DECE7D990442676 /* Pods */ = {
			isa = PBXGroup;
			children = (
				51725B2690B0D71E42C65CD4 /* Pods-SehatQ-test.debug.xcconfig */,
				C4EE29D194A0C2C9BF89D763 /* Pods-SehatQ-test.release.xcconfig */,
				3098BE443161D9B201306D04 /* Pods-SehatQ-test-SehatQ-testUITests.debug.xcconfig */,
				1013271E4F8E40704FAD30F7 /* Pods-SehatQ-test-SehatQ-testUITests.release.xcconfig */,
				2D4544DFBC75414505932F47 /* Pods-SehatQ-testTests.debug.xcconfig */,
				5F3763472766919ACD396C33 /* Pods-SehatQ-testTests.release.xcconfig */,
			);
			path = Pods;
			sourceTree = "<group>";
		};
		CE95C53625D68ED3006448DE = {
			isa = PBXGroup;
			children = (
				CE95C54125D68ED3006448DE /* SehatQ-test */,
				CE95C55B25D68ED5006448DE /* SehatQ-testTests */,
				CE95C56625D68ED5006448DE /* SehatQ-testUITests */,
				CE95C54025D68ED3006448DE /* Products */,
				B6F487704DECE7D990442676 /* Pods */,
				6C86C28C9193C3FA0F27EE0B /* Frameworks */,
			);
			sourceTree = "<group>";
		};
		CE95C54025D68ED3006448DE /* Products */ = {
			isa = PBXGroup;
			children = (
				CE95C53F25D68ED3006448DE /* SehatQ-test.app */,
				CE95C55825D68ED5006448DE /* SehatQ-testTests.xctest */,
				CE95C56325D68ED5006448DE /* SehatQ-testUITests.xctest */,
			);
			name = Products;
			sourceTree = "<group>";
		};
		CE95C54125D68ED3006448DE /* SehatQ-test */ = {
			isa = PBXGroup;
			children = (
				CEAA927C25D90AAB007E31A1 /* Common */,
				CEAA925C25D8FC99007E31A1 /* DetailProduct */,
				CEAA925625D845F3007E31A1 /* Dashboard */,
				CED2FEF425D80DCB00C28F36 /* Search */,
				CE95C58025D690E1006448DE /* Home */,
				CE95C57E25D68F30006448DE /* Network */,
				CED2FE7025D7CAD100C28F36 /* AppDelegate */,
				CEAA924025D83830007E31A1 /* Helper */,
				CE95C54625D68ED3006448DE /* ViewController.swift */,
				CE95C54825D68ED3006448DE /* Main.storyboard */,
				CE95C54E25D68ED5006448DE /* Assets.xcassets */,
				CE95C55025D68ED5006448DE /* LaunchScreen.storyboard */,
				CE95C55325D68ED5006448DE /* Info.plist */,
				CE95C54B25D68ED3006448DE /* SehatQ_test.xcdatamodeld */,
			);
			path = "SehatQ-test";
			sourceTree = "<group>";
		};
		CE95C55B25D68ED5006448DE /* SehatQ-testTests */ = {
			isa = PBXGroup;
			children = (
				CE95C5C925D6C270006448DE /* Network */,
				CE95C55C25D68ED5006448DE /* SehatQ_testTests.swift */,
				CE95C55E25D68ED5006448DE /* Info.plist */,
			);
			path = "SehatQ-testTests";
			sourceTree = "<group>";
		};
		CE95C56625D68ED5006448DE /* SehatQ-testUITests */ = {
			isa = PBXGroup;
			children = (
				CE95C56725D68ED5006448DE /* SehatQ_testUITests.swift */,
				CE95C56925D68ED5006448DE /* Info.plist */,
			);
			path = "SehatQ-testUITests";
			sourceTree = "<group>";
		};
		CE95C57E25D68F30006448DE /* Network */ = {
			isa = PBXGroup;
			children = (
				CE95C58925D6914B006448DE /* Services */,
			);
			path = Network;
			sourceTree = "<group>";
		};
		CE95C57F25D69010006448DE /* Model */ = {
			isa = PBXGroup;
			children = (
				CE95C58125D690F3006448DE /* Home.swift */,
			);
			path = Model;
			sourceTree = "<group>";
		};
		CE95C58025D690E1006448DE /* Home */ = {
			isa = PBXGroup;
			children = (
				CED2FED025D7D07B00C28F36 /* Vc */,
				CED2FEA825D7CE9700C28F36 /* View */,
				CE95C61925D6FAC4006448DE /* ViewModel */,
				CE95C57F25D69010006448DE /* Model */,
			);
			path = Home;
			sourceTree = "<group>";
		};
		CE95C58925D6914B006448DE /* Services */ = {
			isa = PBXGroup;
			children = (
				CE95C58A25D6916E006448DE /* HTTPClient.swift */,
				CE95C59225D691F6006448DE /* HTTPClientProtocol.swift */,
			);
			path = Services;
			sourceTree = "<group>";
		};
		CE95C5A025D6931E006448DE /* Mock */ = {
			isa = PBXGroup;
			children = (
				CE95C5A125D6932E006448DE /* MockedHTTPClient.swift */,
			);
			path = Mock;
			sourceTree = "<group>";
		};
		CE95C5B025D693D3006448DE /* JSON-response */ = {
			isa = PBXGroup;
			children = (
				CE95C5B125D69435006448DE /* home-response-success.json */,
			);
			path = "JSON-response";
			sourceTree = "<group>";
		};
		CE95C5C925D6C270006448DE /* Network */ = {
			isa = PBXGroup;
			children = (
				CED2FE2325D70C0500C28F36 /* Categories */,
				CE95C5A025D6931E006448DE /* Mock */,
				CE95C5B025D693D3006448DE /* JSON-response */,
				CE95C5CA25D6C276006448DE /* Services */,
			);
			path = Network;
			sourceTree = "<group>";
		};
		CE95C5CA25D6C276006448DE /* Services */ = {
			isa = PBXGroup;
			children = (
				CE95C5CB25D6C29B006448DE /* HTTPClientTests.swift */,
			);
			path = Services;
			sourceTree = "<group>";
		};
		CE95C61925D6FAC4006448DE /* ViewModel */ = {
			isa = PBXGroup;
			children = (
				CED2FEC325D7CEDD00C28F36 /* HomeViewModel.swift */,
			);
			path = ViewModel;
			sourceTree = "<group>";
		};
		CEAA922E25D82289007E31A1 /* Model */ = {
			isa = PBXGroup;
			children = (
				CEAA922F25D8229C007E31A1 /* SearchModel.swift */,
			);
			path = Model;
			sourceTree = "<group>";
		};
		CEAA923725D82319007E31A1 /* ViewModel */ = {
			isa = PBXGroup;
			children = (
				CEAA923825D82325007E31A1 /* SearchViewModel.swift */,
			);
			path = ViewModel;
			sourceTree = "<group>";
		};
		CEAA924025D83830007E31A1 /* Helper */ = {
			isa = PBXGroup;
			children = (
				CEAA924125D83844007E31A1 /* Preference.swift */,
				CEAA925125D84508007E31A1 /* Constant.swift */,
			);
			path = Helper;
			sourceTree = "<group>";
		};
		CEAA925625D845F3007E31A1 /* Dashboard */ = {
			isa = PBXGroup;
			children = (
				CEAA925725D8460A007E31A1 /* Dashboard.storyboard */,
			);
			path = Dashboard;
			sourceTree = "<group>";
		};
		CEAA925C25D8FC99007E31A1 /* DetailProduct */ = {
			isa = PBXGroup;
			children = (
				CEAA926C25D8FE9C007E31A1 /* Vc */,
				CEAA926325D8FDA7007E31A1 /* ViewModel */,
				CEAA925D25D8FCEC007E31A1 /* Model */,
			);
			path = DetailProduct;
			sourceTree = "<group>";
		};
		CEAA925D25D8FCEC007E31A1 /* Model */ = {
			isa = PBXGroup;
			children = (
				CEAA925E25D8FD04007E31A1 /* DetailProductModel.swift */,
			);
			path = Model;
			sourceTree = "<group>";
		};
		CEAA926325D8FDA7007E31A1 /* ViewModel */ = {
			isa = PBXGroup;
			children = (
				CEAA926425D8FDD6007E31A1 /* DetailProductViewModel.swift */,
			);
			path = ViewModel;
			sourceTree = "<group>";
		};
		CEAA926C25D8FE9C007E31A1 /* Vc */ = {
			isa = PBXGroup;
			children = (
				CEAA926D25D8FEB1007E31A1 /* DetailProduct.storyboard */,
				CEAA927225D8FED8007E31A1 /* DetailProductViewController.swift */,
			);
			path = Vc;
			sourceTree = "<group>";
		};
		CEAA927C25D90AAB007E31A1 /* Common */ = {
			isa = PBXGroup;
			children = (
				CED2FEF525D80DD800C28F36 /* View */,
			);
			path = Common;
			sourceTree = "<group>";
		};
		CED2FE2325D70C0500C28F36 /* Categories */ = {
			isa = PBXGroup;
			children = (
				CED2FE2425D70CDB00C28F36 /* CategoriesTableViewCellTests.swift */,
			);
			path = Categories;
			sourceTree = "<group>";
		};
		CED2FE7025D7CAD100C28F36 /* AppDelegate */ = {
			isa = PBXGroup;
			children = (
				CE95C54425D68ED3006448DE /* SceneDelegate.swift */,
				CE95C54225D68ED3006448DE /* AppDelegate.swift */,
			);
			path = AppDelegate;
			sourceTree = "<group>";
		};
		CED2FEA825D7CE9700C28F36 /* View */ = {
			isa = PBXGroup;
			children = (
				CED2FEAF25D7CE9700C28F36 /* HomeCategories */,
				CED2FEA925D7CE9700C28F36 /* Products */,
				CED2FEB425D7CE9700C28F36 /* Categories */,
			);
			path = View;
			sourceTree = "<group>";
		};
		CED2FEA925D7CE9700C28F36 /* Products */ = {
			isa = PBXGroup;
			children = (
				CED2FEAA25D7CE9700C28F36 /* ViewModel */,
				CED2FEAC25D7CE9700C28F36 /* View */,
			);
			path = Products;
			sourceTree = "<group>";
		};
		CED2FEAA25D7CE9700C28F36 /* ViewModel */ = {
			isa = PBXGroup;
			children = (
				CED2FEAB25D7CE9700C28F36 /* ProductsTableViewCellViewModel.swift */,
			);
			path = ViewModel;
			sourceTree = "<group>";
		};
		CED2FEAC25D7CE9700C28F36 /* View */ = {
			isa = PBXGroup;
			children = (
				CED2FEAD25D7CE9700C28F36 /* ProductsTableViewCell.xib */,
				CED2FEAE25D7CE9700C28F36 /* ProductsTableViewCell.swift */,
			);
			path = View;
			sourceTree = "<group>";
		};
		CED2FEAF25D7CE9700C28F36 /* HomeCategories */ = {
			isa = PBXGroup;
			children = (
				CED2FEB125D7CE9700C28F36 /* View */,
			);
			path = HomeCategories;
			sourceTree = "<group>";
		};
		CED2FEB125D7CE9700C28F36 /* View */ = {
			isa = PBXGroup;
			children = (
				CED2FEB225D7CE9700C28F36 /* HomeCategoriesTableViewCell.xib */,
				CED2FEB325D7CE9700C28F36 /* HomeCategoriesTableViewCell.swift */,
			);
			path = View;
			sourceTree = "<group>";
		};
		CED2FEB425D7CE9700C28F36 /* Categories */ = {
			isa = PBXGroup;
			children = (
				CED2FEC225D7CEAC00C28F36 /* ViewModel */,
				CED2FEB525D7CE9700C28F36 /* View */,
			);
			path = Categories;
			sourceTree = "<group>";
		};
		CED2FEB525D7CE9700C28F36 /* View */ = {
			isa = PBXGroup;
			children = (
				CED2FEB625D7CE9700C28F36 /* CategoriesCollectionCell.swift */,
				CED2FEB725D7CE9700C28F36 /* CategoriesCollectionCell.xib */,
			);
			path = View;
			sourceTree = "<group>";
		};
		CED2FEC225D7CEAC00C28F36 /* ViewModel */ = {
			isa = PBXGroup;
			children = (
				CED2FE3F25D7165F00C28F36 /* CategoriesCollectionCellViewModel.swift */,
			);
			path = ViewModel;
			sourceTree = "<group>";
		};
		CED2FED025D7D07B00C28F36 /* Vc */ = {
			isa = PBXGroup;
			children = (
				CED2FECB25D7D07600C28F36 /* HomeViewController.swift */,
				CED2FED425D7D08900C28F36 /* Home.storyboard */,
			);
			path = Vc;
			sourceTree = "<group>";
		};
		CED2FEF425D80DCB00C28F36 /* Search */ = {
			isa = PBXGroup;
			children = (
				CEAA923725D82319007E31A1 /* ViewModel */,
				CEAA922E25D82289007E31A1 /* Model */,
				CED2FF0025D8126800C28F36 /* Vc */,
			);
			path = Search;
			sourceTree = "<group>";
		};
		CED2FEF525D80DD800C28F36 /* View */ = {
			isa = PBXGroup;
			children = (
				CED2FF0125D813CA00C28F36 /* CommonTableViewCell.swift */,
				CED2FF0225D813CA00C28F36 /* CommonTableViewCell.xib */,
			);
			path = View;
			sourceTree = "<group>";
		};
		CED2FF0025D8126800C28F36 /* Vc */ = {
			isa = PBXGroup;
			children = (
				CED2FEFB25D80E4B00C28F36 /* SearchViewController.swift */,
				CED2FEF625D80E1B00C28F36 /* Search.storyboard */,
			);
			path = Vc;
			sourceTree = "<group>";
		};
/* End PBXGroup section */

/* Begin PBXNativeTarget section */
		CE95C53E25D68ED3006448DE /* SehatQ-test */ = {
			isa = PBXNativeTarget;
			buildConfigurationList = CE95C56C25D68ED5006448DE /* Build configuration list for PBXNativeTarget "SehatQ-test" */;
			buildPhases = (
				49C5DC8CD6A2282457FE8EC4 /* [CP] Check Pods Manifest.lock */,
				CE95C53B25D68ED3006448DE /* Sources */,
				CE95C53C25D68ED3006448DE /* Frameworks */,
				CE95C53D25D68ED3006448DE /* Resources */,
				A504D1D3C307849E0FECC027 /* [CP] Embed Pods Frameworks */,
			);
			buildRules = (
			);
			dependencies = (
			);
			name = "SehatQ-test";
			productName = "SehatQ-test";
			productReference = CE95C53F25D68ED3006448DE /* SehatQ-test.app */;
			productType = "com.apple.product-type.application";
		};
		CE95C55725D68ED5006448DE /* SehatQ-testTests */ = {
			isa = PBXNativeTarget;
			buildConfigurationList = CE95C56F25D68ED5006448DE /* Build configuration list for PBXNativeTarget "SehatQ-testTests" */;
			buildPhases = (
				57012E8850F464BA1E0FD516 /* [CP] Check Pods Manifest.lock */,
				CE95C55425D68ED5006448DE /* Sources */,
				CE95C55525D68ED5006448DE /* Frameworks */,
				CE95C55625D68ED5006448DE /* Resources */,
			);
			buildRules = (
			);
			dependencies = (
				CE95C55A25D68ED5006448DE /* PBXTargetDependency */,
			);
			name = "SehatQ-testTests";
			productName = "SehatQ-testTests";
			productReference = CE95C55825D68ED5006448DE /* SehatQ-testTests.xctest */;
			productType = "com.apple.product-type.bundle.unit-test";
		};
		CE95C56225D68ED5006448DE /* SehatQ-testUITests */ = {
			isa = PBXNativeTarget;
			buildConfigurationList = CE95C57225D68ED5006448DE /* Build configuration list for PBXNativeTarget "SehatQ-testUITests" */;
			buildPhases = (
				056A93E9509657CFE418C41B /* [CP] Check Pods Manifest.lock */,
				CE95C55F25D68ED5006448DE /* Sources */,
				CE95C56025D68ED5006448DE /* Frameworks */,
				CE95C56125D68ED5006448DE /* Resources */,
				A241BB0AAB21C56D0C5CA0F3 /* [CP] Embed Pods Frameworks */,
			);
			buildRules = (
			);
			dependencies = (
				CE95C56525D68ED5006448DE /* PBXTargetDependency */,
			);
			name = "SehatQ-testUITests";
			productName = "SehatQ-testUITests";
			productReference = CE95C56325D68ED5006448DE /* SehatQ-testUITests.xctest */;
			productType = "com.apple.product-type.bundle.ui-testing";
		};
/* End PBXNativeTarget section */

/* Begin PBXProject section */
		CE95C53725D68ED3006448DE /* Project object */ = {
			isa = PBXProject;
			attributes = {
				LastSwiftUpdateCheck = 1230;
				LastUpgradeCheck = 1230;
				TargetAttributes = {
					CE95C53E25D68ED3006448DE = {
						CreatedOnToolsVersion = 12.3;
					};
					CE95C55725D68ED5006448DE = {
						CreatedOnToolsVersion = 12.3;
						TestTargetID = CE95C53E25D68ED3006448DE;
					};
					CE95C56225D68ED5006448DE = {
						CreatedOnToolsVersion = 12.3;
						TestTargetID = CE95C53E25D68ED3006448DE;
					};
				};
			};
			buildConfigurationList = CE95C53A25D68ED3006448DE /* Build configuration list for PBXProject "SehatQ-test" */;
			compatibilityVersion = "Xcode 9.3";
			developmentRegion = en;
			hasScannedForEncodings = 0;
			knownRegions = (
				en,
				Base,
			);
			mainGroup = CE95C53625D68ED3006448DE;
			productRefGroup = CE95C54025D68ED3006448DE /* Products */;
			projectDirPath = "";
			projectRoot = "";
			targets = (
				CE95C53E25D68ED3006448DE /* SehatQ-test */,
				CE95C55725D68ED5006448DE /* SehatQ-testTests */,
				CE95C56225D68ED5006448DE /* SehatQ-testUITests */,
			);
		};
/* End PBXProject section */

/* Begin PBXResourcesBuildPhase section */
		CE95C53D25D68ED3006448DE /* Resources */ = {
			isa = PBXResourcesBuildPhase;
			buildActionMask = 2147483647;
			files = (
				CED2FED525D7D08900C28F36 /* Home.storyboard in Resources */,
				CEAA925825D8460A007E31A1 /* Dashboard.storyboard in Resources */,
				CE95C55225D68ED5006448DE /* LaunchScreen.storyboard in Resources */,
				CED2FF0425D813CB00C28F36 /* CommonTableViewCell.xib in Resources */,
				CED2FEB925D7CE9700C28F36 /* ProductsTableViewCell.xib in Resources */,
				CEAA926E25D8FEB1007E31A1 /* DetailProduct.storyboard in Resources */,
				CE95C54F25D68ED5006448DE /* Assets.xcassets in Resources */,
				CED2FEBB25D7CE9700C28F36 /* HomeCategoriesTableViewCell.xib in Resources */,
				CE95C54A25D68ED3006448DE /* Main.storyboard in Resources */,
				CED2FEF725D80E1C00C28F36 /* Search.storyboard in Resources */,
				CED2FEBE25D7CE9700C28F36 /* CategoriesCollectionCell.xib in Resources */,
			);
			runOnlyForDeploymentPostprocessing = 0;
		};
		CE95C55625D68ED5006448DE /* Resources */ = {
			isa = PBXResourcesBuildPhase;
			buildActionMask = 2147483647;
			files = (
				CE95C5B225D69435006448DE /* home-response-success.json in Resources */,
			);
			runOnlyForDeploymentPostprocessing = 0;
		};
		CE95C56125D68ED5006448DE /* Resources */ = {
			isa = PBXResourcesBuildPhase;
			buildActionMask = 2147483647;
			files = (
			);
			runOnlyForDeploymentPostprocessing = 0;
		};
/* End PBXResourcesBuildPhase section */

/* Begin PBXShellScriptBuildPhase section */
		056A93E9509657CFE418C41B /* [CP] Check Pods Manifest.lock */ = {
			isa = PBXShellScriptBuildPhase;
			buildActionMask = 2147483647;
			files = (
			);
			inputFileListPaths = (
			);
			inputPaths = (
				"${PODS_PODFILE_DIR_PATH}/Podfile.lock",
				"${PODS_ROOT}/Manifest.lock",
			);
			name = "[CP] Check Pods Manifest.lock";
			outputFileListPaths = (
			);
			outputPaths = (
				"$(DERIVED_FILE_DIR)/Pods-SehatQ-test-SehatQ-testUITests-checkManifestLockResult.txt",
			);
			runOnlyForDeploymentPostprocessing = 0;
			shellPath = /bin/sh;
			shellScript = "diff \"${PODS_PODFILE_DIR_PATH}/Podfile.lock\" \"${PODS_ROOT}/Manifest.lock\" > /dev/null\nif [ $? != 0 ] ; then\n    # print error to STDERR\n    echo \"error: The sandbox is not in sync with the Podfile.lock. Run 'pod install' or update your CocoaPods installation.\" >&2\n    exit 1\nfi\n# This output is used by Xcode 'outputs' to avoid re-running this script phase.\necho \"SUCCESS\" > \"${SCRIPT_OUTPUT_FILE_0}\"\n";
			showEnvVarsInLog = 0;
		};
		49C5DC8CD6A2282457FE8EC4 /* [CP] Check Pods Manifest.lock */ = {
			isa = PBXShellScriptBuildPhase;
			buildActionMask = 2147483647;
			files = (
			);
			inputFileListPaths = (
			);
			inputPaths = (
				"${PODS_PODFILE_DIR_PATH}/Podfile.lock",
				"${PODS_ROOT}/Manifest.lock",
			);
			name = "[CP] Check Pods Manifest.lock";
			outputFileListPaths = (
			);
			outputPaths = (
				"$(DERIVED_FILE_DIR)/Pods-SehatQ-test-checkManifestLockResult.txt",
			);
			runOnlyForDeploymentPostprocessing = 0;
			shellPath = /bin/sh;
			shellScript = "diff \"${PODS_PODFILE_DIR_PATH}/Podfile.lock\" \"${PODS_ROOT}/Manifest.lock\" > /dev/null\nif [ $? != 0 ] ; then\n    # print error to STDERR\n    echo \"error: The sandbox is not in sync with the Podfile.lock. Run 'pod install' or update your CocoaPods installation.\" >&2\n    exit 1\nfi\n# This output is used by Xcode 'outputs' to avoid re-running this script phase.\necho \"SUCCESS\" > \"${SCRIPT_OUTPUT_FILE_0}\"\n";
			showEnvVarsInLog = 0;
		};
		57012E8850F464BA1E0FD516 /* [CP] Check Pods Manifest.lock */ = {
			isa = PBXShellScriptBuildPhase;
			buildActionMask = 2147483647;
			files = (
			);
			inputFileListPaths = (
			);
			inputPaths = (
				"${PODS_PODFILE_DIR_PATH}/Podfile.lock",
				"${PODS_ROOT}/Manifest.lock",
			);
			name = "[CP] Check Pods Manifest.lock";
			outputFileListPaths = (
			);
			outputPaths = (
				"$(DERIVED_FILE_DIR)/Pods-SehatQ-testTests-checkManifestLockResult.txt",
			);
			runOnlyForDeploymentPostprocessing = 0;
			shellPath = /bin/sh;
			shellScript = "diff \"${PODS_PODFILE_DIR_PATH}/Podfile.lock\" \"${PODS_ROOT}/Manifest.lock\" > /dev/null\nif [ $? != 0 ] ; then\n    # print error to STDERR\n    echo \"error: The sandbox is not in sync with the Podfile.lock. Run 'pod install' or update your CocoaPods installation.\" >&2\n    exit 1\nfi\n# This output is used by Xcode 'outputs' to avoid re-running this script phase.\necho \"SUCCESS\" > \"${SCRIPT_OUTPUT_FILE_0}\"\n";
			showEnvVarsInLog = 0;
		};
		A241BB0AAB21C56D0C5CA0F3 /* [CP] Embed Pods Frameworks */ = {
			isa = PBXShellScriptBuildPhase;
			buildActionMask = 2147483647;
			files = (
			);
			inputFileListPaths = (
				"${PODS_ROOT}/Target Support Files/Pods-SehatQ-test-SehatQ-testUITests/Pods-SehatQ-test-SehatQ-testUITests-frameworks-${CONFIGURATION}-input-files.xcfilelist",
			);
			name = "[CP] Embed Pods Frameworks";
			outputFileListPaths = (
				"${PODS_ROOT}/Target Support Files/Pods-SehatQ-test-SehatQ-testUITests/Pods-SehatQ-test-SehatQ-testUITests-frameworks-${CONFIGURATION}-output-files.xcfilelist",
			);
			runOnlyForDeploymentPostprocessing = 0;
			shellPath = /bin/sh;
			shellScript = "\"${PODS_ROOT}/Target Support Files/Pods-SehatQ-test-SehatQ-testUITests/Pods-SehatQ-test-SehatQ-testUITests-frameworks.sh\"\n";
			showEnvVarsInLog = 0;
		};
		A504D1D3C307849E0FECC027 /* [CP] Embed Pods Frameworks */ = {
			isa = PBXShellScriptBuildPhase;
			buildActionMask = 2147483647;
			files = (
			);
			inputFileListPaths = (
				"${PODS_ROOT}/Target Support Files/Pods-SehatQ-test/Pods-SehatQ-test-frameworks-${CONFIGURATION}-input-files.xcfilelist",
			);
			name = "[CP] Embed Pods Frameworks";
			outputFileListPaths = (
				"${PODS_ROOT}/Target Support Files/Pods-SehatQ-test/Pods-SehatQ-test-frameworks-${CONFIGURATION}-output-files.xcfilelist",
			);
			runOnlyForDeploymentPostprocessing = 0;
			shellPath = /bin/sh;
			shellScript = "\"${PODS_ROOT}/Target Support Files/Pods-SehatQ-test/Pods-SehatQ-test-frameworks.sh\"\n";
			showEnvVarsInLog = 0;
		};
/* End PBXShellScriptBuildPhase section */

/* Begin PBXSourcesBuildPhase section */
		CE95C53B25D68ED3006448DE /* Sources */ = {
			isa = PBXSourcesBuildPhase;
			buildActionMask = 2147483647;
			files = (
				CE95C59325D691F6006448DE /* HTTPClientProtocol.swift in Sources */,
				CED2FEBD25D7CE9700C28F36 /* CategoriesCollectionCell.swift in Sources */,
				CE95C54725D68ED3006448DE /* ViewController.swift in Sources */,
				CEAA923025D8229C007E31A1 /* SearchModel.swift in Sources */,
				CEAA925F25D8FD04007E31A1 /* DetailProductModel.swift in Sources */,
				CE95C54D25D68ED3006448DE /* SehatQ_test.xcdatamodeld in Sources */,
				CED2FE4025D7165F00C28F36 /* CategoriesCollectionCellViewModel.swift in Sources */,
				CED2FECC25D7D07600C28F36 /* HomeViewController.swift in Sources */,
				CE95C60925D6D13D006448DE /* MockedHTTPClient.swift in Sources */,
				CE95C58B25D6916E006448DE /* HTTPClient.swift in Sources */,
				CE95C58225D690F3006448DE /* Home.swift in Sources */,
				CEAA924225D83844007E31A1 /* Preference.swift in Sources */,
				CE95C54325D68ED3006448DE /* AppDelegate.swift in Sources */,
				CEAA923925D82325007E31A1 /* SearchViewModel.swift in Sources */,
				CED2FEFC25D80E4B00C28F36 /* SearchViewController.swift in Sources */,
				CEAA925225D84508007E31A1 /* Constant.swift in Sources */,
				CED2FF0325D813CB00C28F36 /* CommonTableViewCell.swift in Sources */,
				CEAA926525D8FDD6007E31A1 /* DetailProductViewModel.swift in Sources */,
				CED2FEC425D7CEDD00C28F36 /* HomeViewModel.swift in Sources */,
				CED2FEBA25D7CE9700C28F36 /* ProductsTableViewCell.swift in Sources */,
				CED2FEB825D7CE9700C28F36 /* ProductsTableViewCellViewModel.swift in Sources */,
				CEAA927425D8FED8007E31A1 /* DetailProductViewController.swift in Sources */,
				CED2FEBC25D7CE9700C28F36 /* HomeCategoriesTableViewCell.swift in Sources */,
				CE95C54525D68ED3006448DE /* SceneDelegate.swift in Sources */,
			);
			runOnlyForDeploymentPostprocessing = 0;
		};
		CE95C55425D68ED5006448DE /* Sources */ = {
			isa = PBXSourcesBuildPhase;
			buildActionMask = 2147483647;
			files = (
				CE95C55D25D68ED5006448DE /* SehatQ_testTests.swift in Sources */,
				CED2FE2525D70CDB00C28F36 /* CategoriesTableViewCellTests.swift in Sources */,
				CE95C5A225D6932E006448DE /* MockedHTTPClient.swift in Sources */,
				CE95C5CC25D6C29B006448DE /* HTTPClientTests.swift in Sources */,
			);
			runOnlyForDeploymentPostprocessing = 0;
		};
		CE95C55F25D68ED5006448DE /* Sources */ = {
			isa = PBXSourcesBuildPhase;
			buildActionMask = 2147483647;
			files = (
				CE95C56825D68ED5006448DE /* SehatQ_testUITests.swift in Sources */,
			);
			runOnlyForDeploymentPostprocessing = 0;
		};
/* End PBXSourcesBuildPhase section */

/* Begin PBXTargetDependency section */
		CE95C55A25D68ED5006448DE /* PBXTargetDependency */ = {
			isa = PBXTargetDependency;
			target = CE95C53E25D68ED3006448DE /* SehatQ-test */;
			targetProxy = CE95C55925D68ED5006448DE /* PBXContainerItemProxy */;
		};
		CE95C56525D68ED5006448DE /* PBXTargetDependency */ = {
			isa = PBXTargetDependency;
			target = CE95C53E25D68ED3006448DE /* SehatQ-test */;
			targetProxy = CE95C56425D68ED5006448DE /* PBXContainerItemProxy */;
		};
/* End PBXTargetDependency section */

/* Begin PBXVariantGroup section */
		CE95C54825D68ED3006448DE /* Main.storyboard */ = {
			isa = PBXVariantGroup;
			children = (
				CE95C54925D68ED3006448DE /* Base */,
			);
			name = Main.storyboard;
			sourceTree = "<group>";
		};
		CE95C55025D68ED5006448DE /* LaunchScreen.storyboard */ = {
			isa = PBXVariantGroup;
			children = (
				CE95C55125D68ED5006448DE /* Base */,
			);
			name = LaunchScreen.storyboard;
			sourceTree = "<group>";
		};
/* End PBXVariantGroup section */

/* Begin XCBuildConfiguration section */
		CE95C56A25D68ED5006448DE /* Debug */ = {
			isa = XCBuildConfiguration;
			buildSettings = {
				ALWAYS_SEARCH_USER_PATHS = NO;
				CLANG_ANALYZER_NONNULL = YES;
				CLANG_ANALYZER_NUMBER_OBJECT_CONVERSION = YES_AGGRESSIVE;
				CLANG_CXX_LANGUAGE_STANDARD = "gnu++14";
				CLANG_CXX_LIBRARY = "libc++";
				CLANG_ENABLE_MODULES = YES;
				CLANG_ENABLE_OBJC_ARC = YES;
				CLANG_ENABLE_OBJC_WEAK = YES;
				CLANG_WARN_BLOCK_CAPTURE_AUTORELEASING = YES;
				CLANG_WARN_BOOL_CONVERSION = YES;
				CLANG_WARN_COMMA = YES;
				CLANG_WARN_CONSTANT_CONVERSION = YES;
				CLANG_WARN_DEPRECATED_OBJC_IMPLEMENTATIONS = YES;
				CLANG_WARN_DIRECT_OBJC_ISA_USAGE = YES_ERROR;
				CLANG_WARN_DOCUMENTATION_COMMENTS = YES;
				CLANG_WARN_EMPTY_BODY = YES;
				CLANG_WARN_ENUM_CONVERSION = YES;
				CLANG_WARN_INFINITE_RECURSION = YES;
				CLANG_WARN_INT_CONVERSION = YES;
				CLANG_WARN_NON_LITERAL_NULL_CONVERSION = YES;
				CLANG_WARN_OBJC_IMPLICIT_RETAIN_SELF = YES;
				CLANG_WARN_OBJC_LITERAL_CONVERSION = YES;
				CLANG_WARN_OBJC_ROOT_CLASS = YES_ERROR;
				CLANG_WARN_QUOTED_INCLUDE_IN_FRAMEWORK_HEADER = YES;
				CLANG_WARN_RANGE_LOOP_ANALYSIS = YES;
				CLANG_WARN_STRICT_PROTOTYPES = YES;
				CLANG_WARN_SUSPICIOUS_MOVE = YES;
				CLANG_WARN_UNGUARDED_AVAILABILITY = YES_AGGRESSIVE;
				CLANG_WARN_UNREACHABLE_CODE = YES;
				CLANG_WARN__DUPLICATE_METHOD_MATCH = YES;
				COPY_PHASE_STRIP = NO;
				DEBUG_INFORMATION_FORMAT = dwarf;
				ENABLE_STRICT_OBJC_MSGSEND = YES;
				ENABLE_TESTABILITY = YES;
				GCC_C_LANGUAGE_STANDARD = gnu11;
				GCC_DYNAMIC_NO_PIC = NO;
				GCC_NO_COMMON_BLOCKS = YES;
				GCC_OPTIMIZATION_LEVEL = 0;
				GCC_PREPROCESSOR_DEFINITIONS = (
					"DEBUG=1",
					"$(inherited)",
				);
				GCC_WARN_64_TO_32_BIT_CONVERSION = YES;
				GCC_WARN_ABOUT_RETURN_TYPE = YES_ERROR;
				GCC_WARN_UNDECLARED_SELECTOR = YES;
				GCC_WARN_UNINITIALIZED_AUTOS = YES_AGGRESSIVE;
				GCC_WARN_UNUSED_FUNCTION = YES;
				GCC_WARN_UNUSED_VARIABLE = YES;
				IPHONEOS_DEPLOYMENT_TARGET = 14.3;
				MTL_ENABLE_DEBUG_INFO = INCLUDE_SOURCE;
				MTL_FAST_MATH = YES;
				ONLY_ACTIVE_ARCH = YES;
				SDKROOT = iphoneos;
				SWIFT_ACTIVE_COMPILATION_CONDITIONS = DEBUG;
				SWIFT_OPTIMIZATION_LEVEL = "-Onone";
			};
			name = Debug;
		};
		CE95C56B25D68ED5006448DE /* Release */ = {
			isa = XCBuildConfiguration;
			buildSettings = {
				ALWAYS_SEARCH_USER_PATHS = NO;
				CLANG_ANALYZER_NONNULL = YES;
				CLANG_ANALYZER_NUMBER_OBJECT_CONVERSION = YES_AGGRESSIVE;
				CLANG_CXX_LANGUAGE_STANDARD = "gnu++14";
				CLANG_CXX_LIBRARY = "libc++";
				CLANG_ENABLE_MODULES = YES;
				CLANG_ENABLE_OBJC_ARC = YES;
				CLANG_ENABLE_OBJC_WEAK = YES;
				CLANG_WARN_BLOCK_CAPTURE_AUTORELEASING = YES;
				CLANG_WARN_BOOL_CONVERSION = YES;
				CLANG_WARN_COMMA = YES;
				CLANG_WARN_CONSTANT_CONVERSION = YES;
				CLANG_WARN_DEPRECATED_OBJC_IMPLEMENTATIONS = YES;
				CLANG_WARN_DIRECT_OBJC_ISA_USAGE = YES_ERROR;
				CLANG_WARN_DOCUMENTATION_COMMENTS = YES;
				CLANG_WARN_EMPTY_BODY = YES;
				CLANG_WARN_ENUM_CONVERSION = YES;
				CLANG_WARN_INFINITE_RECURSION = YES;
				CLANG_WARN_INT_CONVERSION = YES;
				CLANG_WARN_NON_LITERAL_NULL_CONVERSION = YES;
				CLANG_WARN_OBJC_IMPLICIT_RETAIN_SELF = YES;
				CLANG_WARN_OBJC_LITERAL_CONVERSION = YES;
				CLANG_WARN_OBJC_ROOT_CLASS = YES_ERROR;
				CLANG_WARN_QUOTED_INCLUDE_IN_FRAMEWORK_HEADER = YES;
				CLANG_WARN_RANGE_LOOP_ANALYSIS = YES;
				CLANG_WARN_STRICT_PROTOTYPES = YES;
				CLANG_WARN_SUSPICIOUS_MOVE = YES;
				CLANG_WARN_UNGUARDED_AVAILABILITY = YES_AGGRESSIVE;
				CLANG_WARN_UNREACHABLE_CODE = YES;
				CLANG_WARN__DUPLICATE_METHOD_MATCH = YES;
				COPY_PHASE_STRIP = NO;
				DEBUG_INFORMATION_FORMAT = "dwarf-with-dsym";
				ENABLE_NS_ASSERTIONS = NO;
				ENABLE_STRICT_OBJC_MSGSEND = YES;
				GCC_C_LANGUAGE_STANDARD = gnu11;
				GCC_NO_COMMON_BLOCKS = YES;
				GCC_WARN_64_TO_32_BIT_CONVERSION = YES;
				GCC_WARN_ABOUT_RETURN_TYPE = YES_ERROR;
				GCC_WARN_UNDECLARED_SELECTOR = YES;
				GCC_WARN_UNINITIALIZED_AUTOS = YES_AGGRESSIVE;
				GCC_WARN_UNUSED_FUNCTION = YES;
				GCC_WARN_UNUSED_VARIABLE = YES;
				IPHONEOS_DEPLOYMENT_TARGET = 14.3;
				MTL_ENABLE_DEBUG_INFO = NO;
				MTL_FAST_MATH = YES;
				SDKROOT = iphoneos;
				SWIFT_COMPILATION_MODE = wholemodule;
				SWIFT_OPTIMIZATION_LEVEL = "-O";
				VALIDATE_PRODUCT = YES;
			};
			name = Release;
		};
		CE95C56D25D68ED5006448DE /* Debug */ = {
			isa = XCBuildConfiguration;
			baseConfigurationReference = 51725B2690B0D71E42C65CD4 /* Pods-SehatQ-test.debug.xcconfig */;
			buildSettings = {
				ASSETCATALOG_COMPILER_APPICON_NAME = AppIcon;
				ASSETCATALOG_COMPILER_GLOBAL_ACCENT_COLOR_NAME = AccentColor;
				CODE_SIGN_STYLE = Automatic;
				DEVELOPMENT_TEAM = E9734PFSD6;
				INFOPLIST_FILE = "SehatQ-test/Info.plist";
				IPHONEOS_DEPLOYMENT_TARGET = 13.0;
				LD_RUNPATH_SEARCH_PATHS = (
					"$(inherited)",
					"@executable_path/Frameworks",
				);
				PRODUCT_BUNDLE_IDENTIFIER = "tommyputranto.SehatQ-test";
				PRODUCT_NAME = "$(TARGET_NAME)";
				SWIFT_VERSION = 5.0;
				TARGETED_DEVICE_FAMILY = "1,2";
			};
			name = Debug;
		};
		CE95C56E25D68ED5006448DE /* Release */ = {
			isa = XCBuildConfiguration;
			baseConfigurationReference = C4EE29D194A0C2C9BF89D763 /* Pods-SehatQ-test.release.xcconfig */;
			buildSettings = {
				ASSETCATALOG_COMPILER_APPICON_NAME = AppIcon;
				ASSETCATALOG_COMPILER_GLOBAL_ACCENT_COLOR_NAME = AccentColor;
				CODE_SIGN_STYLE = Automatic;
				DEVELOPMENT_TEAM = E9734PFSD6;
				INFOPLIST_FILE = "SehatQ-test/Info.plist";
				IPHONEOS_DEPLOYMENT_TARGET = 13.0;
				LD_RUNPATH_SEARCH_PATHS = (
					"$(inherited)",
					"@executable_path/Frameworks",
				);
				PRODUCT_BUNDLE_IDENTIFIER = "tommyputranto.SehatQ-test";
				PRODUCT_NAME = "$(TARGET_NAME)";
				SWIFT_VERSION = 5.0;
				TARGETED_DEVICE_FAMILY = "1,2";
			};
			name = Release;
		};
		CE95C57025D68ED5006448DE /* Debug */ = {
			isa = XCBuildConfiguration;
			baseConfigurationReference = 2D4544DFBC75414505932F47 /* Pods-SehatQ-testTests.debug.xcconfig */;
			buildSettings = {
				ALWAYS_EMBED_SWIFT_STANDARD_LIBRARIES = YES;
				BUNDLE_LOADER = "$(TEST_HOST)";
				CODE_SIGN_STYLE = Automatic;
				DEVELOPMENT_TEAM = E9734PFSD6;
				INFOPLIST_FILE = "SehatQ-testTests/Info.plist";
				IPHONEOS_DEPLOYMENT_TARGET = 14.3;
				LD_RUNPATH_SEARCH_PATHS = (
					"$(inherited)",
					"@executable_path/Frameworks",
					"@loader_path/Frameworks",
				);
				PRODUCT_BUNDLE_IDENTIFIER = "tommyputranto.SehatQ-testTests";
				PRODUCT_NAME = "$(TARGET_NAME)";
				SWIFT_VERSION = 5.0;
				TARGETED_DEVICE_FAMILY = "1,2";
				TEST_HOST = "$(BUILT_PRODUCTS_DIR)/SehatQ-test.app/SehatQ-test";
			};
			name = Debug;
		};
		CE95C57125D68ED5006448DE /* Release */ = {
			isa = XCBuildConfiguration;
			baseConfigurationReference = 5F3763472766919ACD396C33 /* Pods-SehatQ-testTests.release.xcconfig */;
			buildSettings = {
				ALWAYS_EMBED_SWIFT_STANDARD_LIBRARIES = YES;
				BUNDLE_LOADER = "$(TEST_HOST)";
				CODE_SIGN_STYLE = Automatic;
				DEVELOPMENT_TEAM = E9734PFSD6;
				INFOPLIST_FILE = "SehatQ-testTests/Info.plist";
				IPHONEOS_DEPLOYMENT_TARGET = 14.3;
				LD_RUNPATH_SEARCH_PATHS = (
					"$(inherited)",
					"@executable_path/Frameworks",
					"@loader_path/Frameworks",
				);
				PRODUCT_BUNDLE_IDENTIFIER = "tommyputranto.SehatQ-testTests";
				PRODUCT_NAME = "$(TARGET_NAME)";
				SWIFT_VERSION = 5.0;
				TARGETED_DEVICE_FAMILY = "1,2";
				TEST_HOST = "$(BUILT_PRODUCTS_DIR)/SehatQ-test.app/SehatQ-test";
			};
			name = Release;
		};
		CE95C57325D68ED5006448DE /* Debug */ = {
			isa = XCBuildConfiguration;
			baseConfigurationReference = 3098BE443161D9B201306D04 /* Pods-SehatQ-test-SehatQ-testUITests.debug.xcconfig */;
			buildSettings = {
				ALWAYS_EMBED_SWIFT_STANDARD_LIBRARIES = YES;
				CODE_SIGN_STYLE = Automatic;
				DEVELOPMENT_TEAM = E9734PFSD6;
				INFOPLIST_FILE = "SehatQ-testUITests/Info.plist";
				LD_RUNPATH_SEARCH_PATHS = (
					"$(inherited)",
					"@executable_path/Frameworks",
					"@loader_path/Frameworks",
				);
				PRODUCT_BUNDLE_IDENTIFIER = "tommyputranto.SehatQ-testUITests";
				PRODUCT_NAME = "$(TARGET_NAME)";
				SWIFT_VERSION = 5.0;
				TARGETED_DEVICE_FAMILY = "1,2";
				TEST_TARGET_NAME = "SehatQ-test";
			};
			name = Debug;
		};
		CE95C57425D68ED5006448DE /* Release */ = {
			isa = XCBuildConfiguration;
			baseConfigurationReference = 1013271E4F8E40704FAD30F7 /* Pods-SehatQ-test-SehatQ-testUITests.release.xcconfig */;
			buildSettings = {
				ALWAYS_EMBED_SWIFT_STANDARD_LIBRARIES = YES;
				CODE_SIGN_STYLE = Automatic;
				DEVELOPMENT_TEAM = E9734PFSD6;
				INFOPLIST_FILE = "SehatQ-testUITests/Info.plist";
				LD_RUNPATH_SEARCH_PATHS = (
					"$(inherited)",
					"@executable_path/Frameworks",
					"@loader_path/Frameworks",
				);
				PRODUCT_BUNDLE_IDENTIFIER = "tommyputranto.SehatQ-testUITests";
				PRODUCT_NAME = "$(TARGET_NAME)";
				SWIFT_VERSION = 5.0;
				TARGETED_DEVICE_FAMILY = "1,2";
				TEST_TARGET_NAME = "SehatQ-test";
			};
			name = Release;
		};
/* End XCBuildConfiguration section */

/* Begin XCConfigurationList section */
		CE95C53A25D68ED3006448DE /* Build configuration list for PBXProject "SehatQ-test" */ = {
			isa = XCConfigurationList;
			buildConfigurations = (
				CE95C56A25D68ED5006448DE /* Debug */,
				CE95C56B25D68ED5006448DE /* Release */,
			);
			defaultConfigurationIsVisible = 0;
			defaultConfigurationName = Release;
		};
		CE95C56C25D68ED5006448DE /* Build configuration list for PBXNativeTarget "SehatQ-test" */ = {
			isa = XCConfigurationList;
			buildConfigurations = (
				CE95C56D25D68ED5006448DE /* Debug */,
				CE95C56E25D68ED5006448DE /* Release */,
			);
			defaultConfigurationIsVisible = 0;
			defaultConfigurationName = Release;
		};
		CE95C56F25D68ED5006448DE /* Build configuration list for PBXNativeTarget "SehatQ-testTests" */ = {
			isa = XCConfigurationList;
			buildConfigurations = (
				CE95C57025D68ED5006448DE /* Debug */,
				CE95C57125D68ED5006448DE /* Release */,
			);
			defaultConfigurationIsVisible = 0;
			defaultConfigurationName = Release;
		};
		CE95C57225D68ED5006448DE /* Build configuration list for PBXNativeTarget "SehatQ-testUITests" */ = {
			isa = XCConfigurationList;
			buildConfigurations = (
				CE95C57325D68ED5006448DE /* Debug */,
				CE95C57425D68ED5006448DE /* Release */,
			);
			defaultConfigurationIsVisible = 0;
			defaultConfigurationName = Release;
		};
/* End XCConfigurationList section */

/* Begin XCVersionGroup section */
		CE95C54B25D68ED3006448DE /* SehatQ_test.xcdatamodeld */ = {
			isa = XCVersionGroup;
			children = (
				CE95C54C25D68ED3006448DE /* SehatQ_test.xcdatamodel */,
			);
			currentVersion = CE95C54C25D68ED3006448DE /* SehatQ_test.xcdatamodel */;
			path = SehatQ_test.xcdatamodeld;
			sourceTree = "<group>";
			versionGroupType = wrapper.xcdatamodel;
		};
/* End XCVersionGroup section */
	};
	rootObject = CE95C53725D68ED3006448DE /* Project object */;
}
